
Microsoft Visual Studio Solution File, Format Version 12.00
# Visual Studio 15
Project("{FAE04EC0-301F-11D3-BF4B-00C04F79EFBC}") = "UnityEngine.UI", "UnityEngine.UI.csproj", "{3869771E-D1D2-71CB-376C-93D77AC13812}"
EndProject
Project("{FAE04EC0-301F-11D3-BF4B-00C04F79EFBC}") = "UnityEngine.UI.Tests", "UnityEngine.UI.Tests.csproj", "{DF7AF0D4-AD9A-F3BB-4F72-357755973869}"
EndProject
Project("{FAE04EC0-301F-11D3-BF4B-00C04F79EFBC}") = "Assembly-CSharp", "Assembly-CSharp.csproj", "{C46969FF-6FFF-5B1E-B3FD-A796AD85B6F6}"
EndProject
Project("{FAE04EC0-301F-11D3-BF4B-00C04F79EFBC}") = "Xlua.Core", "Xlua.Core.csproj", "{AD6D705D-6347-9A7D-BD78-C57C42A8618D}"
EndProject
Project("{FAE04EC0-301F-11D3-BF4B-00C04F79EFBC}") = "Assembly-CSharp-Editor", "Assembly-CSharp-Editor.csproj", "{10A9159F-22C9-F935-1687-C004F6D880C6}"
EndProject
Project("{FAE04EC0-301F-11D3-BF4B-00C04F79EFBC}") = "UnityEditor.UI.EditorTests", "UnityEditor.UI.EditorTests.csproj", "{01775C77-A85D-7A52-88CA-B687C72AAF2D}"
EndProject
Project("{FAE04EC0-301F-11D3-BF4B-00C04F79EFBC}") = "UnityEditor.UI", "UnityEditor.UI.csproj", "{44704B30-DB9A-8EE2-2FF0-323336F29A59}"
EndProject
Project("{FAE04EC0-301F-11D3-BF4B-00C04F79EFBC}") = "Xlua.Core.Editor", "Xlua.Core.Editor.csproj", "{030767FF-5A9D-E38D-349F-DB3566309A0E}"
EndProject
Global
	GlobalSection(SolutionConfigurationPlatforms) = preSolution
		Debug|Any CPU = Debug|Any CPU
		Release|Any CPU = Release|Any CPU
	EndGlobalSection
	GlobalSection(ProjectConfigurationPlatforms) = postSolution
		{3869771E-D1D2-71CB-376C-93D77AC13812}.Debug|Any CPU.ActiveCfg = Debug|Any CPU
		{3869771E-D1D2-71CB-376C-93D77AC13812}.Debug|Any CPU.Build.0 = Debug|Any CPU
		{3869771E-D1D2-71CB-376C-93D77AC13812}.Release|Any CPU.ActiveCfg = Release|Any CPU
		{3869771E-D1D2-71CB-376C-93D77AC13812}.Release|Any CPU.Build.0 = Release|Any CPU
		{DF7AF0D4-AD9A-F3BB-4F72-357755973869}.Debug|Any CPU.ActiveCfg = Debug|Any CPU
		{DF7AF0D4-AD9A-F3BB-4F72-357755973869}.Debug|Any CPU.Build.0 = Debug|Any CPU
		{DF7AF0D4-AD9A-F3BB-4F72-357755973869}.Release|Any CPU.ActiveCfg = Release|Any CPU
		{DF7AF0D4-AD9A-F3BB-4F72-357755973869}.Release|Any CPU.Build.0 = Release|Any CPU
		{C46969FF-6FFF-5B1E-B3FD-A796AD85B6F6}.Debug|Any CPU.ActiveCfg = Debug|Any CPU
		{C46969FF-6FFF-5B1E-B3FD-A796AD85B6F6}.Debug|Any CPU.Build.0 = Debug|Any CPU
		{C46969FF-6FFF-5B1E-B3FD-A796AD85B6F6}.Release|Any CPU.ActiveCfg = Release|Any CPU
		{C46969FF-6FFF-5B1E-B3FD-A796AD85B6F6}.Release|Any CPU.Build.0 = Release|Any CPU
		{AD6D705D-6347-9A7D-BD78-C57C42A8618D}.Debug|Any CPU.ActiveCfg = Debug|Any CPU
		{AD6D705D-6347-9A7D-BD78-C57C42A8618D}.Debug|Any CPU.Build.0 = Debug|Any CPU
		{AD6D705D-6347-9A7D-BD78-C57C42A8618D}.Release|Any CPU.ActiveCfg = Release|Any CPU
		{AD6D705D-6347-9A7D-BD78-C57C42A8618D}.Release|Any CPU.Build.0 = Release|Any CPU
		{10A9159F-22C9-F935-1687-C004F6D880C6}.Debug|Any CPU.ActiveCfg = Debug|Any CPU
		{10A9159F-22C9-F935-1687-C004F6D880C6}.Debug|Any CPU.Build.0 = Debug|Any CPU
		{10A9159F-22C9-F935-1687-C004F6D880C6}.Release|Any CPU.ActiveCfg = Release|Any CPU
		{10A9159F-22C9-F935-1687-C004F6D880C6}.Release|Any CPU.Build.0 = Release|Any CPU
		{01775C77-A85D-7A52-88CA-B687C72AAF2D}.Debug|Any CPU.ActiveCfg = Debug|Any CPU
		{01775C77-A85D-7A52-88CA-B687C72AAF2D}.Debug|Any CPU.Build.0 = Debug|Any CPU
		{01775C77-A85D-7A52-88CA-B687C72AAF2D}.Release|Any CPU.ActiveCfg = Release|Any CPU
		{01775C77-A85D-7A52-88CA-B687C72AAF2D}.Release|Any CPU.Build.0 = Release|Any CPU
		{44704B30-DB9A-8EE2-2FF0-323336F29A59}.Debug|Any CPU.ActiveCfg = Debug|Any CPU
		{44704B30-DB9A-8EE2-2FF0-323336F29A59}.Debug|Any CPU.Build.0 = Debug|Any CPU
		{44704B30-DB9A-8EE2-2FF0-323336F29A59}.Release|Any CPU.ActiveCfg = Release|Any CPU
		{44704B30-DB9A-8EE2-2FF0-323336F29A59}.Release|Any CPU.Build.0 = Release|Any CPU
		{030767FF-5A9D-E38D-349F-DB3566309A0E}.Debug|Any CPU.ActiveCfg = Debug|Any CPU
		{030767FF-5A9D-E38D-349F-DB3566309A0E}.Debug|Any CPU.Build.0 = Debug|Any CPU
		{030767FF-5A9D-E38D-349F-DB3566309A0E}.Release|Any CPU.ActiveCfg = Release|Any CPU
		{030767FF-5A9D-E38D-349F-DB3566309A0E}.Release|Any CPU.Build.0 = Release|Any CPU
	EndGlobalSection
	GlobalSection(SolutionProperties) = preSolution
		HideSolutionNode = FALSE
	EndGlobalSection
EndGlobal
